github.com/SimonWang00/goeureka v1.0.2 h1:6M/XjSchPCsBBk5iI/asbXJHVOCyqj7mGmAV8ZezDZ4=
github.com/SimonWang00/goeureka v1.0.2/go.mod h1:fS0s7Ty/8bEeNc8+VqWqj0eKxihM30R09f+EXNe/jp0=
gopkg.in/check.v1 v0.0.0-20161208181325-20d25e280405 h1:yhCVgyC4o1eVCa2tZl7eS0r+SDo693bJlVdllGtEeKM=
gopkg.in/check.v1 v0.0.0-20161208181325-20d25e280405/go.mod h1:Co6ibVJAznAaIkqp8huTwlJQCZ016jof/cbN4VW5Yz0=
gopkg.in/yaml.v2 v2.4.0 h1:D8xgwECY7CYvx+Y2n4sBz93Jn9JRvxdiyyo8CTfuKaY=
gopkg.in/yaml.v2 v2.4.0/go.mod h1:RDklbk79AGWmwhnvt/jBztapEOGDOx6ZbXqjP6csGnQ=
